
Microsoft Visual Studio Solution File, Format Version 12.00
# Visual Studio Version 17
VisualStudioVersion = 17.0.31903.59
MinimumVisualStudioVersion = 10.0.40219.1
Project("{FAE04EC0-301F-11D3-BF4B-00C04F79EFBC}") = "SriSai.Domain", "SriSai.Domain\SriSai.Domain.csproj", "{1923771F-467A-4C6F-8B0D-2F04DB8F74F3}"
EndProject
Project("{FAE04EC0-301F-11D3-BF4B-00C04F79EFBC}") = "SriSai.Application", "SriSai.Application\SriSai.Application.csproj", "{B09D8310-4DC0-4288-BA40-2FE41D303079}"
EndProject
Project("{FAE04EC0-301F-11D3-BF4B-00C04F79EFBC}") = "SriSai.infrastructure", "SriSai.infrastructure\SriSai.infrastructure.csproj", "{8B5BCF37-9FF6-4940-BF46-3B77904019AF}"
EndProject
Project("{FAE04EC0-301F-11D3-BF4B-00C04F79EFBC}") = "SriSai.API", "SriSai.API\SriSai.API.csproj", "{CCD6271C-65D4-4B3E-A9D8-2AC88946E868}"
EndProject
Global
	GlobalSection(SolutionConfigurationPlatforms) = preSolution
		Debug|Any CPU = Debug|Any CPU
		Debug|x64 = Debug|x64
		Debug|x86 = Debug|x86
		Release|Any CPU = Release|Any CPU
		Release|x64 = Release|x64
		Release|x86 = Release|x86
	EndGlobalSection
	GlobalSection(ProjectConfigurationPlatforms) = postSolution
		{1923771F-467A-4C6F-8B0D-2F04DB8F74F3}.Debug|Any CPU.ActiveCfg = Debug|Any CPU
		{1923771F-467A-4C6F-8B0D-2F04DB8F74F3}.Debug|Any CPU.Build.0 = Debug|Any CPU
		{1923771F-467A-4C6F-8B0D-2F04DB8F74F3}.Debug|x64.ActiveCfg = Debug|Any CPU
		{1923771F-467A-4C6F-8B0D-2F04DB8F74F3}.Debug|x64.Build.0 = Debug|Any CPU
		{1923771F-467A-4C6F-8B0D-2F04DB8F74F3}.Debug|x86.ActiveCfg = Debug|Any CPU
		{1923771F-467A-4C6F-8B0D-2F04DB8F74F3}.Debug|x86.Build.0 = Debug|Any CPU
		{1923771F-467A-4C6F-8B0D-2F04DB8F74F3}.Release|Any CPU.ActiveCfg = Release|Any CPU
		{1923771F-467A-4C6F-8B0D-2F04DB8F74F3}.Release|Any CPU.Build.0 = Release|Any CPU
		{1923771F-467A-4C6F-8B0D-2F04DB8F74F3}.Release|x64.ActiveCfg = Release|Any CPU
		{1923771F-467A-4C6F-8B0D-2F04DB8F74F3}.Release|x64.Build.0 = Release|Any CPU
		{1923771F-467A-4C6F-8B0D-2F04DB8F74F3}.Release|x86.ActiveCfg = Release|Any CPU
		{1923771F-467A-4C6F-8B0D-2F04DB8F74F3}.Release|x86.Build.0 = Release|Any CPU
		{B09D8310-4DC0-4288-BA40-2FE41D303079}.Debug|Any CPU.ActiveCfg = Debug|Any CPU
		{B09D8310-4DC0-4288-BA40-2FE41D303079}.Debug|Any CPU.Build.0 = Debug|Any CPU
		{B09D8310-4DC0-4288-BA40-2FE41D303079}.Debug|x64.ActiveCfg = Debug|Any CPU
		{B09D8310-4DC0-4288-BA40-2FE41D303079}.Debug|x64.Build.0 = Debug|Any CPU
		{B09D8310-4DC0-4288-BA40-2FE41D303079}.Debug|x86.ActiveCfg = Debug|Any CPU
		{B09D8310-4DC0-4288-BA40-2FE41D303079}.Debug|x86.Build.0 = Debug|Any CPU
		{B09D8310-4DC0-4288-BA40-2FE41D303079}.Release|Any CPU.ActiveCfg = Release|Any CPU
		{B09D8310-4DC0-4288-BA40-2FE41D303079}.Release|Any CPU.Build.0 = Release|Any CPU
		{B09D8310-4DC0-4288-BA40-2FE41D303079}.Release|x64.ActiveCfg = Release|Any CPU
		{B09D8310-4DC0-4288-BA40-2FE41D303079}.Release|x64.Build.0 = Release|Any CPU
		{B09D8310-4DC0-4288-BA40-2FE41D303079}.Release|x86.ActiveCfg = Release|Any CPU
		{B09D8310-4DC0-4288-BA40-2FE41D303079}.Release|x86.Build.0 = Release|Any CPU
		{8B5BCF37-9FF6-4940-BF46-3B77904019AF}.Debug|Any CPU.ActiveCfg = Debug|Any CPU
		{8B5BCF37-9FF6-4940-BF46-3B77904019AF}.Debug|Any CPU.Build.0 = Debug|Any CPU
		{8B5BCF37-9FF6-4940-BF46-3B77904019AF}.Debug|x64.ActiveCfg = Debug|Any CPU
		{8B5BCF37-9FF6-4940-BF46-3B77904019AF}.Debug|x64.Build.0 = Debug|Any CPU
		{8B5BCF37-9FF6-4940-BF46-3B77904019AF}.Debug|x86.ActiveCfg = Debug|Any CPU
		{8B5BCF37-9FF6-4940-BF46-3B77904019AF}.Debug|x86.Build.0 = Debug|Any CPU
		{8B5BCF37-9FF6-4940-BF46-3B77904019AF}.Release|Any CPU.ActiveCfg = Release|Any CPU
		{8B5BCF37-9FF6-4940-BF46-3B77904019AF}.Release|Any CPU.Build.0 = Release|Any CPU
		{8B5BCF37-9FF6-4940-BF46-3B77904019AF}.Release|x64.ActiveCfg = Release|Any CPU
		{8B5BCF37-9FF6-4940-BF46-3B77904019AF}.Release|x64.Build.0 = Release|Any CPU
		{8B5BCF37-9FF6-4940-BF46-3B77904019AF}.Release|x86.ActiveCfg = Release|Any CPU
		{8B5BCF37-9FF6-4940-BF46-3B77904019AF}.Release|x86.Build.0 = Release|Any CPU
		{CCD6271C-65D4-4B3E-A9D8-2AC88946E868}.Debug|Any CPU.ActiveCfg = Debug|Any CPU
		{CCD6271C-65D4-4B3E-A9D8-2AC88946E868}.Debug|Any CPU.Build.0 = Debug|Any CPU
		{CCD6271C-65D4-4B3E-A9D8-2AC88946E868}.Debug|x64.ActiveCfg = Debug|Any CPU
		{CCD6271C-65D4-4B3E-A9D8-2AC88946E868}.Debug|x64.Build.0 = Debug|Any CPU
		{CCD6271C-65D4-4B3E-A9D8-2AC88946E868}.Debug|x86.ActiveCfg = Debug|Any CPU
		{CCD6271C-65D4-4B3E-A9D8-2AC88946E868}.Debug|x86.Build.0 = Debug|Any CPU
		{CCD6271C-65D4-4B3E-A9D8-2AC88946E868}.Release|Any CPU.ActiveCfg = Release|Any CPU
		{CCD6271C-65D4-4B3E-A9D8-2AC88946E868}.Release|Any CPU.Build.0 = Release|Any CPU
		{CCD6271C-65D4-4B3E-A9D8-2AC88946E868}.Release|x64.ActiveCfg = Release|Any CPU
		{CCD6271C-65D4-4B3E-A9D8-2AC88946E868}.Release|x64.Build.0 = Release|Any CPU
		{CCD6271C-65D4-4B3E-A9D8-2AC88946E868}.Release|x86.ActiveCfg = Release|Any CPU
		{CCD6271C-65D4-4B3E-A9D8-2AC88946E868}.Release|x86.Build.0 = Release|Any CPU
	EndGlobalSection
	GlobalSection(SolutionProperties) = preSolution
		HideSolutionNode = FALSE
	EndGlobalSection
EndGlobal
